
Microsoft Visual Studio Solution File, Format Version 12.00
Project("{FAE04EC0-301F-11D3-BF4B-00C04F79EFBC}") = "Productivity", "Productivity\Productivity.csproj", "{D33005C2-C41A-4796-BDD2-B4EC4249ABEB}"
EndProject
Project("{FAE04EC0-301F-11D3-BF4B-00C04F79EFBC}") = "MenuGenerator", "MenuGenerator\MenuGenerator.csproj", "{EB15ABE6-1723-4A0A-AA75-A99A38468232}"
EndProject
Project("{FAE04EC0-301F-11D3-BF4B-00C04F79EFBC}") = "ProductivityTests", "ProductivityTests\ProductivityTests.csproj", "{1B51D9B2-00CD-4993-8F2F-3C917747D00E}"
EndProject
Global
	GlobalSection(SolutionConfigurationPlatforms) = preSolution
		Debug|Any CPU = Debug|Any CPU
		Release|Any CPU = Release|Any CPU
	EndGlobalSection
	GlobalSection(ProjectConfigurationPlatforms) = postSolution
		{D33005C2-C41A-4796-BDD2-B4EC4249ABEB}.Debug|Any CPU.ActiveCfg = Debug|Any CPU
		{D33005C2-C41A-4796-BDD2-B4EC4249ABEB}.Release|Any CPU.ActiveCfg = Release|Any CPU
		{D33005C2-C41A-4796-BDD2-B4EC4249ABEB}.Release|Any CPU.Build.0 = Release|Any CPU
		{D33005C2-C41A-4796-BDD2-B4EC4249ABEB}.Debug|Any CPU.Build.0 = Debug|Any CPU
		{EB15ABE6-1723-4A0A-AA75-A99A38468232}.Debug|Any CPU.ActiveCfg = Debug|Any CPU
		{EB15ABE6-1723-4A0A-AA75-A99A38468232}.Release|Any CPU.ActiveCfg = Release|Any CPU
		{EB15ABE6-1723-4A0A-AA75-A99A38468232}.Release|Any CPU.Build.0 = Release|Any CPU
		{EB15ABE6-1723-4A0A-AA75-A99A38468232}.Debug|Any CPU.Build.0 = Debug|Any CPU
		{1B51D9B2-00CD-4993-8F2F-3C917747D00E}.Debug|Any CPU.ActiveCfg = Debug|Any CPU
		{1B51D9B2-00CD-4993-8F2F-3C917747D00E}.Debug|Any CPU.Build.0 = Debug|Any CPU
		{1B51D9B2-00CD-4993-8F2F-3C917747D00E}.Release|Any CPU.ActiveCfg = Release|Any CPU
		{1B51D9B2-00CD-4993-8F2F-3C917747D00E}.Release|Any CPU.Build.0 = Release|Any CPU
	EndGlobalSection
EndGlobal
